
Microsoft Visual Studio Solution File, Format Version 12.00
# Visual Studio Version 16
VisualStudioVersion = 16.0.29613.14
MinimumVisualStudioVersion = 10.0.40219.1
Project("{F184B08F-C81C-45F6-A57F-5ABD9991F28F}") = "NEWS-PAPER-DISTRIBUTION", "NEWS-PAPER-DISTRIBUTION\NEWS-PAPER-DISTRIBUTION.vbproj", "{557B8C40-9FBD-4DF7-835B-722BD833B526}"
EndProject
Global
	GlobalSection(SolutionConfigurationPlatforms) = preSolution
		Debug|Any CPU = Debug|Any CPU
		Release|Any CPU = Release|Any CPU
	EndGlobalSection
	GlobalSection(ProjectConfigurationPlatforms) = postSolution
		{557B8C40-9FBD-4DF7-835B-722BD833B526}.Debug|Any CPU.ActiveCfg = Debug|Any CPU
		{557B8C40-9FBD-4DF7-835B-722BD833B526}.Debug|Any CPU.Build.0 = Debug|Any CPU
		{557B8C40-9FBD-4DF7-835B-722BD833B526}.Release|Any CPU.ActiveCfg = Release|Any CPU
		{557B8C40-9FBD-4DF7-835B-722BD833B526}.Release|Any CPU.Build.0 = Release|Any CPU
	EndGlobalSection
	GlobalSection(SolutionProperties) = preSolution
		HideSolutionNode = FALSE
	EndGlobalSection
	GlobalSection(ExtensibilityGlobals) = postSolution
		SolutionGuid = {D565AD09-62A0-40C8-872C-524C01BD3C1F}
	EndGlobalSection
EndGlobal
